PODS:
  - Analytics (4.0.5)
  - Batch (1.15.2)
  - Expecta (1.0.6)
  - OCMock (3.7.1)
  - Segment-Batch (2.0.0):
    - Analytics (~> 4.0)
    - Segment-Batch/Standard (= 2.0.0)
  - Segment-Batch/Standard (2.0.0):
    - Analytics (~> 4.0)
    - Batch (~> 1.15)
  - Specta (1.0.7)

DEPENDENCIES:
  - Expecta
  - OCMock (~> 3.4)
  - Segment-Batch (from `../`)
  - Specta

SPEC REPOS:
  trunk:
    - Analytics
    - Batch
    - Expecta
    - OCMock
    - Specta

EXTERNAL SOURCES:
  Segment-Batch:
    :path: "../"

SPEC CHECKSUMS:
  Analytics: 4bcf052c91e1f3339219e83d6a036fb2bd7c218d
  Batch: cf8eb2939d662b1d68319d814528df7aef29f348
  Expecta: 3b6bd90a64b9a1dcb0b70aa0e10a7f8f631667d5
  OCMock: 75fbeaa46a9b11f8c182bbb1d1f7e9a35ccc9955
  Segment-Batch: ef1ed13f3efdb06cc96645469fbe8d8c42308de4
  Specta: 3e1bd89c3517421982dc4d1c992503e48bd5fe66

PODFILE CHECKSUM: 22c75e7343208c508b3c2c368cc7ab3cb5bc8e39

COCOAPODS: 1.9.3
